// !$*UTF8*$!
{
	archiveVersion = 1;
	classes = {
	};
	objectVersion = 46;
	objects = {

/* Begin PBXBuildFile section */
		3F7003681F53BC6200901AA5 /* AppDelegate.swift in Sources */ = {isa = PBXBuildFile; fileRef = 3F7003671F53BC6200901AA5 /* AppDelegate.swift */; };
		3F70036A1F53BC6200901AA5 /* ViewController.swift in Sources */ = {isa = PBXBuildFile; fileRef = 3F7003691F53BC6200901AA5 /* ViewController.swift */; };
		3F70036D1F53BC6200901AA5 /* Main.storyboard in Resources */ = {isa = PBXBuildFile; fileRef = 3F70036B1F53BC6200901AA5 /* Main.storyboard */; };
		3F70036F1F53BC6200901AA5 /* Assets.xcassets in Resources */ = {isa = PBXBuildFile; fileRef = 3F70036E1F53BC6200901AA5 /* Assets.xcassets */; };
		3F7003721F53BC6200901AA5 /* LaunchScreen.storyboard in Resources */ = {isa = PBXBuildFile; fileRef = 3F7003701F53BC6200901AA5 /* LaunchScreen.storyboard */; };
		3F7003811F53BE5700901AA5 /* CustomNavigationController.swift in Sources */ = {isa = PBXBuildFile; fileRef = 3F7003801F53BE5700901AA5 /* CustomNavigationController.swift */; };
		3F7003831F53BE9C00901AA5 /* ZoomStartupAnimation.swift in Sources */ = {isa = PBXBuildFile; fileRef = 3F7003821F53BE9C00901AA5 /* ZoomStartupAnimation.swift */; };
		3F70039B1F54108F00901AA5 /* ActivityTableViewCell.swift in Sources */ = {isa = PBXBuildFile; fileRef = 3F7003991F54108F00901AA5 /* ActivityTableViewCell.swift */; };
		3F70039E1F54116400901AA5 /* CellInterface.swift in Sources */ = {isa = PBXBuildFile; fileRef = 3F70039D1F54116400901AA5 /* CellInterface.swift */; };
		3F7003A01F54145E00901AA5 /* ActivityTableViewCell.xib in Resources */ = {isa = PBXBuildFile; fileRef = 3F70039F1F54145E00901AA5 /* ActivityTableViewCell.xib */; };
		3F7003A21F5415F700901AA5 /* SegmentView.swift in Sources */ = {isa = PBXBuildFile; fileRef = 3F7003A11F5415F700901AA5 /* SegmentView.swift */; };
		3F7003A51F54178700901AA5 /* TableHeaderSectionView.swift in Sources */ = {isa = PBXBuildFile; fileRef = 3F7003A31F54178700901AA5 /* TableHeaderSectionView.swift */; };
		3F7003A61F54178700901AA5 /* TableHeaderSectionView.xib in Resources */ = {isa = PBXBuildFile; fileRef = 3F7003A41F54178700901AA5 /* TableHeaderSectionView.xib */; };
		3F7003A81F5417DC00901AA5 /* CustomColors.swift in Sources */ = {isa = PBXBuildFile; fileRef = 3F7003A71F5417DC00901AA5 /* CustomColors.swift */; };
		3F7003AA1F54241F00901AA5 /* ActivityDataProvider.swift in Sources */ = {isa = PBXBuildFile; fileRef = 3F7003A91F54241F00901AA5 /* ActivityDataProvider.swift */; };
		3F7003B41F54263E00901AA5 /* SFUIText-Bold.ttf in Resources */ = {isa = PBXBuildFile; fileRef = 3F7003B11F54263E00901AA5 /* SFUIText-Bold.ttf */; };
		3F7003B51F54263E00901AA5 /* SFUIText-Light.ttf in Resources */ = {isa = PBXBuildFile; fileRef = 3F7003B21F54263E00901AA5 /* SFUIText-Light.ttf */; };
		3F7003B61F54263E00901AA5 /* SFUIText-Regular.ttf in Resources */ = {isa = PBXBuildFile; fileRef = 3F7003B31F54263E00901AA5 /* SFUIText-Regular.ttf */; };
		3F7003D31F5546BA00901AA5 /* ActivityContainerView.swift in Sources */ = {isa = PBXBuildFile; fileRef = 3F7003C11F5546BA00901AA5 /* ActivityContainerView.swift */; };
		3F7003D41F5546BA00901AA5 /* ActivityContainerView.xib in Resources */ = {isa = PBXBuildFile; fileRef = 3F7003C21F5546BA00901AA5 /* ActivityContainerView.xib */; };
		3F7003D51F5546BA00901AA5 /* Animations.swift in Sources */ = {isa = PBXBuildFile; fileRef = 3F7003C41F5546BA00901AA5 /* Animations.swift */; };
		3F7003D61F5546BA00901AA5 /* AnimationView.swift in Sources */ = {isa = PBXBuildFile; fileRef = 3F7003C51F5546BA00901AA5 /* AnimationView.swift */; };
		3F7003D71F5546BA00901AA5 /* AnimationView.xib in Resources */ = {isa = PBXBuildFile; fileRef = 3F7003C61F5546BA00901AA5 /* AnimationView.xib */; };
		3F7003D81F5546BA00901AA5 /* FloatAdditions.swift in Sources */ = {isa = PBXBuildFile; fileRef = 3F7003C81F5546BA00901AA5 /* FloatAdditions.swift */; };
		3F7003D91F5546BA00901AA5 /* ViewAdditions.swift in Sources */ = {isa = PBXBuildFile; fileRef = 3F7003C91F5546BA00901AA5 /* ViewAdditions.swift */; };
		3F7003DA1F5546BA00901AA5 /* Activity.swift in Sources */ = {isa = PBXBuildFile; fileRef = 3F7003CC1F5546BA00901AA5 /* Activity.swift */; };
		3F7003DB1F5546BA00901AA5 /* ActivityResource.swift in Sources */ = {isa = PBXBuildFile; fileRef = 3F7003CE1F5546BA00901AA5 /* ActivityResource.swift */; };
		3F7003DC1F5546BA00901AA5 /* LabelConfigurator.swift in Sources */ = {isa = PBXBuildFile; fileRef = 3F7003D01F5546BA00901AA5 /* LabelConfigurator.swift */; };
		3F7003DD1F5546BA00901AA5 /* RoundActivityButton.swift in Sources */ = {isa = PBXBuildFile; fileRef = 3F7003D21F5546BA00901AA5 /* RoundActivityButton.swift */; };
/* End PBXBuildFile section */

/* Begin PBXFileReference section */
		3F7003641F53BC6200901AA5 /* FitTrackSwift3.app */ = {isa = PBXFileReference; explicitFileType = wrapper.application; includeInIndex = 0; path = FitTrackSwift3.app; sourceTree = BUILT_PRODUCTS_DIR; };
		3F7003671F53BC6200901AA5 /* AppDelegate.swift */ = {isa = PBXFileReference; lastKnownFileType = sourcecode.swift; path = AppDelegate.swift; sourceTree = "<group>"; };
		3F7003691F53BC6200901AA5 /* ViewController.swift */ = {isa = PBXFileReference; lastKnownFileType = sourcecode.swift; name = ViewController.swift; path = ../ViewController.swift; sourceTree = "<group>"; };
		3F70036C1F53BC6200901AA5 /* Base */ = {isa = PBXFileReference; lastKnownFileType = file.storyboard; name = Base; path = Base.lproj/Main.storyboard; sourceTree = "<group>"; };
		3F70036E1F53BC6200901AA5 /* Assets.xcassets */ = {isa = PBXFileReference; lastKnownFileType = folder.assetcatalog; path = Assets.xcassets; sourceTree = "<group>"; };
		3F7003711F53BC6200901AA5 /* Base */ = {isa = PBXFileReference; lastKnownFileType = file.storyboard; name = Base; path = Base.lproj/LaunchScreen.storyboard; sourceTree = "<group>"; };
		3F7003731F53BC6200901AA5 /* Info.plist */ = {isa = PBXFileReference; lastKnownFileType = text.plist.xml; path = Info.plist; sourceTree = "<group>"; };
		3F7003801F53BE5700901AA5 /* CustomNavigationController.swift */ = {isa = PBXFileReference; fileEncoding = 4; lastKnownFileType = sourcecode.swift; path = CustomNavigationController.swift; sourceTree = "<group>"; };
		3F7003821F53BE9C00901AA5 /* ZoomStartupAnimation.swift */ = {isa = PBXFileReference; fileEncoding = 4; lastKnownFileType = sourcecode.swift; path = ZoomStartupAnimation.swift; sourceTree = "<group>"; };
		3F7003991F54108F00901AA5 /* ActivityTableViewCell.swift */ = {isa = PBXFileReference; fileEncoding = 4; lastKnownFileType = sourcecode.swift; path = ActivityTableViewCell.swift; sourceTree = "<group>"; };
		3F70039D1F54116400901AA5 /* CellInterface.swift */ = {isa = PBXFileReference; fileEncoding = 4; lastKnownFileType = sourcecode.swift; path = CellInterface.swift; sourceTree = "<group>"; };
		3F70039F1F54145E00901AA5 /* ActivityTableViewCell.xib */ = {isa = PBXFileReference; fileEncoding = 4; lastKnownFileType = file.xib; path = ActivityTableViewCell.xib; sourceTree = "<group>"; };
		3F7003A11F5415F700901AA5 /* SegmentView.swift */ = {isa = PBXFileReference; fileEncoding = 4; lastKnownFileType = sourcecode.swift; path = SegmentView.swift; sourceTree = "<group>"; };
		3F7003A31F54178700901AA5 /* TableHeaderSectionView.swift */ = {isa = PBXFileReference; fileEncoding = 4; lastKnownFileType = sourcecode.swift; path = TableHeaderSectionView.swift; sourceTree = "<group>"; };
		3F7003A41F54178700901AA5 /* TableHeaderSectionView.xib */ = {isa = PBXFileReference; fileEncoding = 4; lastKnownFileType = file.xib; path = TableHeaderSectionView.xib; sourceTree = "<group>"; };
		3F7003A71F5417DC00901AA5 /* CustomColors.swift */ = {isa = PBXFileReference; fileEncoding = 4; lastKnownFileType = sourcecode.swift; path = CustomColors.swift; sourceTree = "<group>"; };
		3F7003A91F54241F00901AA5 /* ActivityDataProvider.swift */ = {isa = PBXFileReference; fileEncoding = 4; lastKnownFileType = sourcecode.swift; path = ActivityDataProvider.swift; sourceTree = "<group>"; };
		3F7003B11F54263E00901AA5 /* SFUIText-Bold.ttf */ = {isa = PBXFileReference; lastKnownFileType = file; path = "SFUIText-Bold.ttf"; sourceTree = "<group>"; };
		3F7003B21F54263E00901AA5 /* SFUIText-Light.ttf */ = {isa = PBXFileReference; lastKnownFileType = file; path = "SFUIText-Light.ttf"; sourceTree = "<group>"; };
		3F7003B31F54263E00901AA5 /* SFUIText-Regular.ttf */ = {isa = PBXFileReference; lastKnownFileType = file; path = "SFUIText-Regular.ttf"; sourceTree = "<group>"; };
		3F7003C11F5546BA00901AA5 /* ActivityContainerView.swift */ = {isa = PBXFileReference; fileEncoding = 4; lastKnownFileType = sourcecode.swift; path = ActivityContainerView.swift; sourceTree = "<group>"; };
		3F7003C21F5546BA00901AA5 /* ActivityContainerView.xib */ = {isa = PBXFileReference; fileEncoding = 4; lastKnownFileType = file.xib; path = ActivityContainerView.xib; sourceTree = "<group>"; };
		3F7003C41F5546BA00901AA5 /* Animations.swift */ = {isa = PBXFileReference; fileEncoding = 4; lastKnownFileType = sourcecode.swift; path = Animations.swift; sourceTree = "<group>"; };
		3F7003C51F5546BA00901AA5 /* AnimationView.swift */ = {isa = PBXFileReference; fileEncoding = 4; lastKnownFileType = sourcecode.swift; path = AnimationView.swift; sourceTree = "<group>"; };
		3F7003C61F5546BA00901AA5 /* AnimationView.xib */ = {isa = PBXFileReference; fileEncoding = 4; lastKnownFileType = file.xib; path = AnimationView.xib; sourceTree = "<group>"; };
		3F7003C81F5546BA00901AA5 /* FloatAdditions.swift */ = {isa = PBXFileReference; fileEncoding = 4; lastKnownFileType = sourcecode.swift; path = FloatAdditions.swift; sourceTree = "<group>"; };
		3F7003C91F5546BA00901AA5 /* ViewAdditions.swift */ = {isa = PBXFileReference; fileEncoding = 4; lastKnownFileType = sourcecode.swift; path = ViewAdditions.swift; sourceTree = "<group>"; };
		3F7003CC1F5546BA00901AA5 /* Activity.swift */ = {isa = PBXFileReference; fileEncoding = 4; lastKnownFileType = sourcecode.swift; path = Activity.swift; sourceTree = "<group>"; };
		3F7003CE1F5546BA00901AA5 /* ActivityResource.swift */ = {isa = PBXFileReference; fileEncoding = 4; lastKnownFileType = sourcecode.swift; path = ActivityResource.swift; sourceTree = "<group>"; };
		3F7003D01F5546BA00901AA5 /* LabelConfigurator.swift */ = {isa = PBXFileReference; fileEncoding = 4; lastKnownFileType = sourcecode.swift; path = LabelConfigurator.swift; sourceTree = "<group>"; };
		3F7003D21F5546BA00901AA5 /* RoundActivityButton.swift */ = {isa = PBXFileReference; fileEncoding = 4; lastKnownFileType = sourcecode.swift; path = RoundActivityButton.swift; sourceTree = "<group>"; };
/* End PBXFileReference section */

/* Begin PBXFrameworksBuildPhase section */
		3F7003611F53BC6200901AA5 /* Frameworks */ = {
			isa = PBXFrameworksBuildPhase;
			buildActionMask = 2147483647;
			files = (
			);
			runOnlyForDeploymentPostprocessing = 0;
		};
/* End PBXFrameworksBuildPhase section */

/* Begin PBXGroup section */
		3F70035B1F53BC6200901AA5 = {
			isa = PBXGroup;
			children = (
				3F7003661F53BC6200901AA5 /* FitTrackSwift3 */,
				3F7003651F53BC6200901AA5 /* Products */,
			);
			sourceTree = "<group>";
		};
		3F7003651F53BC6200901AA5 /* Products */ = {
			isa = PBXGroup;
			children = (
				3F7003641F53BC6200901AA5 /* FitTrackSwift3.app */,
			);
			name = Products;
			sourceTree = "<group>";
		};
		3F7003661F53BC6200901AA5 /* FitTrackSwift3 */ = {
			isa = PBXGroup;
			children = (
				3F7003841F53F4CF00901AA5 /* FitTrack */,
				3F7003791F53BE1E00901AA5 /* DataProviders */,
				3F70037A1F53BE1E00901AA5 /* Extensions */,
				3F70037B1F53BE1E00901AA5 /* Helpers */,
				3F70037C1F53BE1E00901AA5 /* Protocols */,
				3F70037D1F53BE1E00901AA5 /* Resources */,
				3F70037E1F53BE1E00901AA5 /* ViewControllers */,
				3F70037F1F53BE1E00901AA5 /* Views */,
				3F7003671F53BC6200901AA5 /* AppDelegate.swift */,
				3F70036B1F53BC6200901AA5 /* Main.storyboard */,
				3F70036E1F53BC6200901AA5 /* Assets.xcassets */,
				3F7003701F53BC6200901AA5 /* LaunchScreen.storyboard */,
				3F7003731F53BC6200901AA5 /* Info.plist */,
			);
			path = FitTrackSwift3;
			sourceTree = "<group>";
		};
		3F7003791F53BE1E00901AA5 /* DataProviders */ = {
			isa = PBXGroup;
			children = (
				3F7003A91F54241F00901AA5 /* ActivityDataProvider.swift */,
			);
			path = DataProviders;
			sourceTree = "<group>";
		};
		3F70037A1F53BE1E00901AA5 /* Extensions */ = {
			isa = PBXGroup;
			children = (
				3F7003A71F5417DC00901AA5 /* CustomColors.swift */,
			);
			path = Extensions;
			sourceTree = "<group>";
		};
		3F70037B1F53BE1E00901AA5 /* Helpers */ = {
			isa = PBXGroup;
			children = (
				3F7003821F53BE9C00901AA5 /* ZoomStartupAnimation.swift */,
			);
			path = Helpers;
			sourceTree = "<group>";
		};
		3F70037C1F53BE1E00901AA5 /* Protocols */ = {
			isa = PBXGroup;
			children = (
				3F70039D1F54116400901AA5 /* CellInterface.swift */,
			);
			path = Protocols;
			sourceTree = "<group>";
		};
		3F70037D1F53BE1E00901AA5 /* Resources */ = {
			isa = PBXGroup;
			children = (
				3F7003B11F54263E00901AA5 /* SFUIText-Bold.ttf */,
				3F7003B21F54263E00901AA5 /* SFUIText-Light.ttf */,
				3F7003B31F54263E00901AA5 /* SFUIText-Regular.ttf */,
			);
			path = Resources;
			sourceTree = "<group>";
		};
		3F70037E1F53BE1E00901AA5 /* ViewControllers */ = {
			isa = PBXGroup;
			children = (
				3F7003691F53BC6200901AA5 /* ViewController.swift */,
				3F7003801F53BE5700901AA5 /* CustomNavigationController.swift */,
			);
			path = ViewControllers;
			sourceTree = "<group>";
		};
		3F70037F1F53BE1E00901AA5 /* Views */ = {
			isa = PBXGroup;
			children = (
				3F7003991F54108F00901AA5 /* ActivityTableViewCell.swift */,
				3F70039F1F54145E00901AA5 /* ActivityTableViewCell.xib */,
				3F7003A11F5415F700901AA5 /* SegmentView.swift */,
				3F7003A31F54178700901AA5 /* TableHeaderSectionView.swift */,
				3F7003A41F54178700901AA5 /* TableHeaderSectionView.xib */,
			);
			path = Views;
			sourceTree = "<group>";
		};
		3F7003841F53F4CF00901AA5 /* FitTrack */ = {
			isa = PBXGroup;
			children = (
				3F7003C01F5546BA00901AA5 /* ActivityContainerView */,
				3F7003C31F5546BA00901AA5 /* AnimationView */,
				3F7003C71F5546BA00901AA5 /* Extensions */,
				3F7003CA1F5546BA00901AA5 /* Models */,
				3F7003D11F5546BA00901AA5 /* RoundActivityButton */,
			);
			path = FitTrack;
			sourceTree = "<group>";
		};
		3F7003C01F5546BA00901AA5 /* ActivityContainerView */ = {
			isa = PBXGroup;
			children = (
				3F7003C11F5546BA00901AA5 /* ActivityContainerView.swift */,
				3F7003C21F5546BA00901AA5 /* ActivityContainerView.xib */,
			);
			path = ActivityContainerView;
			sourceTree = "<group>";
		};
		3F7003C31F5546BA00901AA5 /* AnimationView */ = {
			isa = PBXGroup;
			children = (
				3F7003C41F5546BA00901AA5 /* Animations.swift */,
				3F7003C51F5546BA00901AA5 /* AnimationView.swift */,
				3F7003C61F5546BA00901AA5 /* AnimationView.xib */,
			);
			path = AnimationView;
			sourceTree = "<group>";
		};
		3F7003C71F5546BA00901AA5 /* Extensions */ = {
			isa = PBXGroup;
			children = (
				3F7003C81F5546BA00901AA5 /* FloatAdditions.swift */,
				3F7003C91F5546BA00901AA5 /* ViewAdditions.swift */,
			);
			path = Extensions;
			sourceTree = "<group>";
		};
		3F7003CA1F5546BA00901AA5 /* Models */ = {
			isa = PBXGroup;
			children = (
				3F7003CB1F5546BA00901AA5 /* Activity */,
				3F7003CD1F5546BA00901AA5 /* ActivityResource */,
				3F7003CF1F5546BA00901AA5 /* LabelConfigurator */,
			);
			path = Models;
			sourceTree = "<group>";
		};
		3F7003CB1F5546BA00901AA5 /* Activity */ = {
			isa = PBXGroup;
			children = (
				3F7003CC1F5546BA00901AA5 /* Activity.swift */,
			);
			path = Activity;
			sourceTree = "<group>";
		};
		3F7003CD1F5546BA00901AA5 /* ActivityResource */ = {
			isa = PBXGroup;
			children = (
				3F7003CE1F5546BA00901AA5 /* ActivityResource.swift */,
			);
			path = ActivityResource;
			sourceTree = "<group>";
		};
		3F7003CF1F5546BA00901AA5 /* LabelConfigurator */ = {
			isa = PBXGroup;
			children = (
				3F7003D01F5546BA00901AA5 /* LabelConfigurator.swift */,
			);
			path = LabelConfigurator;
			sourceTree = "<group>";
		};
		3F7003D11F5546BA00901AA5 /* RoundActivityButton */ = {
			isa = PBXGroup;
			children = (
				3F7003D21F5546BA00901AA5 /* RoundActivityButton.swift */,
			);
			path = RoundActivityButton;
			sourceTree = "<group>";
		};
/* End PBXGroup section */

/* Begin PBXNativeTarget section */
		3F7003631F53BC6200901AA5 /* FitTrackSwift3 */ = {
			isa = PBXNativeTarget;
			buildConfigurationList = 3F7003761F53BC6200901AA5 /* Build configuration list for PBXNativeTarget "FitTrackSwift3" */;
			buildPhases = (
				3F7003601F53BC6200901AA5 /* Sources */,
				3F7003611F53BC6200901AA5 /* Frameworks */,
				3F7003621F53BC6200901AA5 /* Resources */,
			);
			buildRules = (
			);
			dependencies = (
			);
			name = FitTrackSwift3;
			productName = FitTrackSwift3;
			productReference = 3F7003641F53BC6200901AA5 /* FitTrackSwift3.app */;
			productType = "com.apple.product-type.application";
		};
/* End PBXNativeTarget section */

/* Begin PBXProject section */
		3F70035C1F53BC6200901AA5 /* Project object */ = {
			isa = PBXProject;
			attributes = {
				LastSwiftUpdateCheck = 0830;
				LastUpgradeCheck = 0830;
				ORGANIZATIONNAME = ljb48229;
				TargetAttributes = {
					3F7003631F53BC6200901AA5 = {
						CreatedOnToolsVersion = 8.3.3;
						DevelopmentTeam = GGP5472W8N;
						ProvisioningStyle = Automatic;
					};
				};
			};
			buildConfigurationList = 3F70035F1F53BC6200901AA5 /* Build configuration list for PBXProject "FitTrackSwift3" */;
			compatibilityVersion = "Xcode 3.2";
			developmentRegion = English;
			hasScannedForEncodings = 0;
			knownRegions = (
				en,
				Base,
			);
			mainGroup = 3F70035B1F53BC6200901AA5;
			productRefGroup = 3F7003651F53BC6200901AA5 /* Products */;
			projectDirPath = "";
			projectRoot = "";
			targets = (
				3F7003631F53BC6200901AA5 /* FitTrackSwift3 */,
			);
		};
/* End PBXProject section */

/* Begin PBXResourcesBuildPhase section */
		3F7003621F53BC6200901AA5 /* Resources */ = {
			isa = PBXResourcesBuildPhase;
			buildActionMask = 2147483647;
			files = (
				3F7003A61F54178700901AA5 /* TableHeaderSectionView.xib in Resources */,
				3F7003B61F54263E00901AA5 /* SFUIText-Regular.ttf in Resources */,
				3F7003B51F54263E00901AA5 /* SFUIText-Light.ttf in Resources */,
				3F7003D71F5546BA00901AA5 /* AnimationView.xib in Resources */,
				3F7003D41F5546BA00901AA5 /* ActivityContainerView.xib in Resources */,
				3F7003721F53BC6200901AA5 /* LaunchScreen.storyboard in Resources */,
				3F70036F1F53BC6200901AA5 /* Assets.xcassets in Resources */,
				3F7003A01F54145E00901AA5 /* ActivityTableViewCell.xib in Resources */,
				3F70036D1F53BC6200901AA5 /* Main.storyboard in Resources */,
				3F7003B41F54263E00901AA5 /* SFUIText-Bold.ttf in Resources */,
			);
			runOnlyForDeploymentPostprocessing = 0;
		};
/* End PBXResourcesBuildPhase section */

/* Begin PBXSourcesBuildPhase section */
		3F7003601F53BC6200901AA5 /* Sources */ = {
			isa = PBXSourcesBuildPhase;
			buildActionMask = 2147483647;
			files = (
				3F7003D31F5546BA00901AA5 /* ActivityContainerView.swift in Sources */,
				3F7003A51F54178700901AA5 /* TableHeaderSectionView.swift in Sources */,
				3F7003D51F5546BA00901AA5 /* Animations.swift in Sources */,
				3F7003A81F5417DC00901AA5 /* CustomColors.swift in Sources */,
				3F7003D81F5546BA00901AA5 /* FloatAdditions.swift in Sources */,
				3F7003D91F5546BA00901AA5 /* ViewAdditions.swift in Sources */,
				3F7003DA1F5546BA00901AA5 /* Activity.swift in Sources */,
				3F7003DC1F5546BA00901AA5 /* LabelConfigurator.swift in Sources */,
				3F7003D61F5546BA00901AA5 /* AnimationView.swift in Sources */,
				3F7003811F53BE5700901AA5 /* CustomNavigationController.swift in Sources */,
				3F7003A21F5415F700901AA5 /* SegmentView.swift in Sources */,
				3F7003831F53BE9C00901AA5 /* ZoomStartupAnimation.swift in Sources */,
				3F7003AA1F54241F00901AA5 /* ActivityDataProvider.swift in Sources */,
				3F70039E1F54116400901AA5 /* CellInterface.swift in Sources */,
				3F7003DB1F5546BA00901AA5 /* ActivityResource.swift in Sources */,
				3F70036A1F53BC6200901AA5 /* ViewController.swift in Sources */,
				3F7003DD1F5546BA00901AA5 /* RoundActivityButton.swift in Sources */,
				3F7003681F53BC6200901AA5 /* AppDelegate.swift in Sources */,
				3F70039B1F54108F00901AA5 /* ActivityTableViewCell.swift in Sources */,
			);
			runOnlyForDeploymentPostprocessing = 0;
		};
/* End PBXSourcesBuildPhase section */

/* Begin PBXVariantGroup section */
		3F70036B1F53BC6200901AA5 /* Main.storyboard */ = {
			isa = PBXVariantGroup;
			children = (
				3F70036C1F53BC6200901AA5 /* Base */,
			);
			name = Main.storyboard;
			sourceTree = "<group>";
		};
		3F7003701F53BC6200901AA5 /* LaunchScreen.storyboard */ = {
			isa = PBXVariantGroup;
			children = (
				3F7003711F53BC6200901AA5 /* Base */,
			);
			name = LaunchScreen.storyboard;
			sourceTree = "<group>";
		};
/* End PBXVariantGroup section */

/* Begin XCBuildConfiguration section */
		3F7003741F53BC6200901AA5 /* Debug */ = {
			isa = XCBuildConfiguration;
			buildSettings = {
				ALWAYS_SEARCH_USER_PATHS = NO;
				CLANG_ANALYZER_NONNULL = YES;
				CLANG_ANALYZER_NUMBER_OBJECT_CONVERSION = YES_AGGRESSIVE;
				CLANG_CXX_LANGUAGE_STANDARD = "gnu++0x";
				CLANG_CXX_LIBRARY = "libc++";
				CLANG_ENABLE_MODULES = YES;
				CLANG_ENABLE_OBJC_ARC = YES;
				CLANG_WARN_BOOL_CONVERSION = YES;
				CLANG_WARN_CONSTANT_CONVERSION = YES;
				CLANG_WARN_DIRECT_OBJC_ISA_USAGE = YES_ERROR;
				CLANG_WARN_DOCUMENTATION_COMMENTS = YES;
				CLANG_WARN_EMPTY_BODY = YES;
				CLANG_WARN_ENUM_CONVERSION = YES;
				CLANG_WARN_INFINITE_RECURSION = YES;
				CLANG_WARN_INT_CONVERSION = YES;
				CLANG_WARN_OBJC_ROOT_CLASS = YES_ERROR;
				CLANG_WARN_SUSPICIOUS_MOVE = YES;
				CLANG_WARN_UNREACHABLE_CODE = YES;
				CLANG_WARN__DUPLICATE_METHOD_MATCH = YES;
				"CODE_SIGN_IDENTITY[sdk=iphoneos*]" = "iPhone Developer";
				COPY_PHASE_STRIP = NO;
				DEBUG_INFORMATION_FORMAT = dwarf;
				ENABLE_STRICT_OBJC_MSGSEND = YES;
				ENABLE_TESTABILITY = YES;
				GCC_C_LANGUAGE_STANDARD = gnu99;
				GCC_DYNAMIC_NO_PIC = NO;
				GCC_NO_COMMON_BLOCKS = YES;
				GCC_OPTIMIZATION_LEVEL = 0;
				GCC_PREPROCESSOR_DEFINITIONS = (
					"DEBUG=1",
					"$(inherited)",
				);
				GCC_WARN_64_TO_32_BIT_CONVERSION = YES;
				GCC_WARN_ABOUT_RETURN_TYPE = YES_ERROR;
				GCC_WARN_UNDECLARED_SELECTOR = YES;
				GCC_WARN_UNINITIALIZED_AUTOS = YES_AGGRESSIVE;
				GCC_WARN_UNUSED_FUNCTION = YES;
				GCC_WARN_UNUSED_VARIABLE = YES;
				IPHONEOS_DEPLOYMENT_TARGET = 10.3;
				MTL_ENABLE_DEBUG_INFO = YES;
				ONLY_ACTIVE_ARCH = YES;
				SDKROOT = iphoneos;
				SWIFT_ACTIVE_COMPILATION_CONDITIONS = DEBUG;
				SWIFT_OPTIMIZATION_LEVEL = "-Onone";
				TARGETED_DEVICE_FAMILY = "1,2";
			};
			name = Debug;
		};
		3F7003751F53BC6200901AA5 /* Release */ = {
			isa = XCBuildConfiguration;
			buildSettings = {
				ALWAYS_SEARCH_USER_PATHS = NO;
				CLANG_ANALYZER_NONNULL = YES;
				CLANG_ANALYZER_NUMBER_OBJECT_CONVERSION = YES_AGGRESSIVE;
				CLANG_CXX_LANGUAGE_STANDARD = "gnu++0x";
				CLANG_CXX_LIBRARY = "libc++";
				CLANG_ENABLE_MODULES = YES;
				CLANG_ENABLE_OBJC_ARC = YES;
				CLANG_WARN_BOOL_CONVERSION = YES;
				CLANG_WARN_CONSTANT_CONVERSION = YES;
				CLANG_WARN_DIRECT_OBJC_ISA_USAGE = YES_ERROR;
				CLANG_WARN_DOCUMENTATION_COMMENTS = YES;
				CLANG_WARN_EMPTY_BODY = YES;
				CLANG_WARN_ENUM_CONVERSION = YES;
				CLANG_WARN_INFINITE_RECURSION = YES;
				CLANG_WARN_INT_CONVERSION = YES;
				CLANG_WARN_OBJC_ROOT_CLASS = YES_ERROR;
				CLANG_WARN_SUSPICIOUS_MOVE = YES;
				CLANG_WARN_UNREACHABLE_CODE = YES;
				CLANG_WARN__DUPLICATE_METHOD_MATCH = YES;
				"CODE_SIGN_IDENTITY[sdk=iphoneos*]" = "iPhone Developer";
				COPY_PHASE_STRIP = NO;
				DEBUG_INFORMATION_FORMAT = "dwarf-with-dsym";
				ENABLE_NS_ASSERTIONS = NO;
				ENABLE_STRICT_OBJC_MSGSEND = YES;
				GCC_C_LANGUAGE_STANDARD = gnu99;
				GCC_NO_COMMON_BLOCKS = YES;
				GCC_WARN_64_TO_32_BIT_CONVERSION = YES;
				GCC_WARN_ABOUT_RETURN_TYPE = YES_ERROR;
				GCC_WARN_UNDECLARED_SELECTOR = YES;
				GCC_WARN_UNINITIALIZED_AUTOS = YES_AGGRESSIVE;
				GCC_WARN_UNUSED_FUNCTION = YES;
				GCC_WARN_UNUSED_VARIABLE = YES;
				IPHONEOS_DEPLOYMENT_TARGET = 10.3;
				MTL_ENABLE_DEBUG_INFO = NO;
				SDKROOT = iphoneos;
				SWIFT_OPTIMIZATION_LEVEL = "-Owholemodule";
				TARGETED_DEVICE_FAMILY = "1,2";
				VALIDATE_PRODUCT = YES;
			};
			name = Release;
		};
		3F7003771F53BC6200901AA5 /* Debug */ = {
			isa = XCBuildConfiguration;
			buildSettings = {
				ASSETCATALOG_COMPILER_APPICON_NAME = AppIcon;
				DEVELOPMENT_TEAM = GGP5472W8N;
				INFOPLIST_FILE = FitTrackSwift3/Info.plist;
				LD_RUNPATH_SEARCH_PATHS = "$(inherited) @executable_path/Frameworks";
				PRODUCT_BUNDLE_IDENTIFIER = cn.lijiangbo.FitTrackSwift3;
				PRODUCT_NAME = "$(TARGET_NAME)";
				SWIFT_VERSION = 3.0;
			};
			name = Debug;
		};
		3F7003781F53BC6200901AA5 /* Release */ = {
			isa = XCBuildConfiguration;
			buildSettings = {
				ASSETCATALOG_COMPILER_APPICON_NAME = AppIcon;
				DEVELOPMENT_TEAM = GGP5472W8N;
				INFOPLIST_FILE = FitTrackSwift3/Info.plist;
				LD_RUNPATH_SEARCH_PATHS = "$(inherited) @executable_path/Frameworks";
				PRODUCT_BUNDLE_IDENTIFIER = cn.lijiangbo.FitTrackSwift3;
				PRODUCT_NAME = "$(TARGET_NAME)";
				SWIFT_VERSION = 3.0;
			};
			name = Release;
		};
/* End XCBuildConfiguration section */

/* Begin XCConfigurationList section */
		3F70035F1F53BC6200901AA5 /* Build configuration list for PBXProject "FitTrackSwift3" */ = {
			isa = XCConfigurationList;
			buildConfigurations = (
				3F7003741F53BC6200901AA5 /* Debug */,
				3F7003751F53BC6200901AA5 /* Release */,
			);
			defaultConfigurationIsVisible = 0;
			defaultConfigurationName = Release;
		};
		3F7003761F53BC6200901AA5 /* Build configuration list for PBXNativeTarget "FitTrackSwift3" */ = {
			isa = XCConfigurationList;
			buildConfigurations = (
				3F7003771F53BC6200901AA5 /* Debug */,
				3F7003781F53BC6200901AA5 /* Release */,
			);
			defaultConfigurationIsVisible = 0;
		};
/* End XCConfigurationList section */
	};
	rootObject = 3F70035C1F53BC6200901AA5 /* Project object */;
}
